# This file is automatically @generated by Cargo.
# It is not intended for manual editing.
version = 3

[[package]]
name = "clop"
version = "0.0.0"
source = "git+https://github.com/wick3dr0se/clop#aebb419b27c266fa2af71da17c5f08e001943c7f"

[[package]]
name = "rustils"
version = "0.0.1"
dependencies = [
 "clop",
]
